// !$*UTF8*$!
{
	archiveVersion = 1;
	classes = {
	};
	objectVersion = 55;
	objects = {

/* Begin PBXBuildFile section */
		BCC535D8282A624C003A4DD5 /* CardShading.swift in Sources */ = {isa = PBXBuildFile; fileRef = BCC535D7282A624C003A4DD5 /* CardShading.swift */; };
		BCC535DA282A6267003A4DD5 /* CardColor.swift in Sources */ = {isa = PBXBuildFile; fileRef = BCC535D9282A6267003A4DD5 /* CardColor.swift */; };
		BCC535DC282A6288003A4DD5 /* CardShape.swift in Sources */ = {isa = PBXBuildFile; fileRef = BCC535DB282A6288003A4DD5 /* CardShape.swift */; };
		BCC535DE282A62C6003A4DD5 /* CardNumberOfShapes.swift in Sources */ = {isa = PBXBuildFile; fileRef = BCC535DD282A62C6003A4DD5 /* CardNumberOfShapes.swift */; };
		BCC535E0282A62F8003A4DD5 /* DeckOfSetCards.swift in Sources */ = {isa = PBXBuildFile; fileRef = BCC535DF282A62F8003A4DD5 /* DeckOfSetCards.swift */; };
		BCC535E2282A6378003A4DD5 /* SetCardView.swift in Sources */ = {isa = PBXBuildFile; fileRef = BCC535E1282A6378003A4DD5 /* SetCardView.swift */; };
		BCC535E4282A65EC003A4DD5 /* SetBoardView.swift in Sources */ = {isa = PBXBuildFile; fileRef = BCC535E3282A65EC003A4DD5 /* SetBoardView.swift */; };
		BCCF911D282A59C000C8DA31 /* AppDelegate.swift in Sources */ = {isa = PBXBuildFile; fileRef = BCCF911C282A59C000C8DA31 /* AppDelegate.swift */; };
		BCCF911F282A59C000C8DA31 /* SceneDelegate.swift in Sources */ = {isa = PBXBuildFile; fileRef = BCCF911E282A59C000C8DA31 /* SceneDelegate.swift */; };
		BCCF9121282A59C000C8DA31 /* ViewController.swift in Sources */ = {isa = PBXBuildFile; fileRef = BCCF9120282A59C000C8DA31 /* ViewController.swift */; };
		BCCF9124282A59C000C8DA31 /* Main.storyboard in Resources */ = {isa = PBXBuildFile; fileRef = BCCF9122282A59C000C8DA31 /* Main.storyboard */; };
		BCCF9126282A59C700C8DA31 /* Assets.xcassets in Resources */ = {isa = PBXBuildFile; fileRef = BCCF9125282A59C700C8DA31 /* Assets.xcassets */; };
		BCCF9129282A59C700C8DA31 /* LaunchScreen.storyboard in Resources */ = {isa = PBXBuildFile; fileRef = BCCF9127282A59C700C8DA31 /* LaunchScreen.storyboard */; };
		BCCF9133282A5BF700C8DA31 /* Grid.swift in Sources */ = {isa = PBXBuildFile; fileRef = BCCF9132282A5BF700C8DA31 /* Grid.swift */; };
		BCCF9135282A5C2C00C8DA31 /* Card.swift in Sources */ = {isa = PBXBuildFile; fileRef = BCCF9134282A5C2C00C8DA31 /* Card.swift */; };
		BCCF9137282A5C9400C8DA31 /* SetGame.swift in Sources */ = {isa = PBXBuildFile; fileRef = BCCF9136282A5C9400C8DA31 /* SetGame.swift */; };
/* End PBXBuildFile section */

/* Begin PBXFileReference section */
		BCC535D7282A624C003A4DD5 /* CardShading.swift */ = {isa = PBXFileReference; lastKnownFileType = sourcecode.swift; path = CardShading.swift; sourceTree = "<group>"; };
		BCC535D9282A6267003A4DD5 /* CardColor.swift */ = {isa = PBXFileReference; lastKnownFileType = sourcecode.swift; path = CardColor.swift; sourceTree = "<group>"; };
		BCC535DB282A6288003A4DD5 /* CardShape.swift */ = {isa = PBXFileReference; lastKnownFileType = sourcecode.swift; path = CardShape.swift; sourceTree = "<group>"; };
		BCC535DD282A62C6003A4DD5 /* CardNumberOfShapes.swift */ = {isa = PBXFileReference; lastKnownFileType = sourcecode.swift; path = CardNumberOfShapes.swift; sourceTree = "<group>"; };
		BCC535DF282A62F8003A4DD5 /* DeckOfSetCards.swift */ = {isa = PBXFileReference; lastKnownFileType = sourcecode.swift; path = DeckOfSetCards.swift; sourceTree = "<group>"; };
		BCC535E1282A6378003A4DD5 /* SetCardView.swift */ = {isa = PBXFileReference; lastKnownFileType = sourcecode.swift; path = SetCardView.swift; sourceTree = "<group>"; };
		BCC535E3282A65EC003A4DD5 /* SetBoardView.swift */ = {isa = PBXFileReference; lastKnownFileType = sourcecode.swift; path = SetBoardView.swift; sourceTree = "<group>"; };
		BCCF9119282A59C000C8DA31 /* DrawenSetGame.app */ = {isa = PBXFileReference; explicitFileType = wrapper.application; includeInIndex = 0; path = DrawenSetGame.app; sourceTree = BUILT_PRODUCTS_DIR; };
		BCCF911C282A59C000C8DA31 /* AppDelegate.swift */ = {isa = PBXFileReference; lastKnownFileType = sourcecode.swift; path = AppDelegate.swift; sourceTree = "<group>"; };
		BCCF911E282A59C000C8DA31 /* SceneDelegate.swift */ = {isa = PBXFileReference; lastKnownFileType = sourcecode.swift; path = SceneDelegate.swift; sourceTree = "<group>"; };
		BCCF9120282A59C000C8DA31 /* ViewController.swift */ = {isa = PBXFileReference; lastKnownFileType = sourcecode.swift; path = ViewController.swift; sourceTree = "<group>"; };
		BCCF9123282A59C000C8DA31 /* Base */ = {isa = PBXFileReference; lastKnownFileType = file.storyboard; name = Base; path = Base.lproj/Main.storyboard; sourceTree = "<group>"; };
		BCCF9125282A59C700C8DA31 /* Assets.xcassets */ = {isa = PBXFileReference; lastKnownFileType = folder.assetcatalog; path = Assets.xcassets; sourceTree = "<group>"; };
		BCCF9128282A59C700C8DA31 /* Base */ = {isa = PBXFileReference; lastKnownFileType = file.storyboard; name = Base; path = Base.lproj/LaunchScreen.storyboard; sourceTree = "<group>"; };
		BCCF912A282A59C700C8DA31 /* Info.plist */ = {isa = PBXFileReference; lastKnownFileType = text.plist.xml; path = Info.plist; sourceTree = "<group>"; };
		BCCF9132282A5BF700C8DA31 /* Grid.swift */ = {isa = PBXFileReference; lastKnownFileType = sourcecode.swift; path = Grid.swift; sourceTree = "<group>"; };
		BCCF9134282A5C2C00C8DA31 /* Card.swift */ = {isa = PBXFileReference; lastKnownFileType = sourcecode.swift; path = Card.swift; sourceTree = "<group>"; };
		BCCF9136282A5C9400C8DA31 /* SetGame.swift */ = {isa = PBXFileReference; lastKnownFileType = sourcecode.swift; path = SetGame.swift; sourceTree = "<group>"; };
/* End PBXFileReference section */

/* Begin PBXFrameworksBuildPhase section */
		BCCF9116282A59C000C8DA31 /* Frameworks */ = {
			isa = PBXFrameworksBuildPhase;
			buildActionMask = 2147483647;
			files = (
			);
			runOnlyForDeploymentPostprocessing = 0;
		};
/* End PBXFrameworksBuildPhase section */

/* Begin PBXGroup section */
		BCCF9110282A59C000C8DA31 = {
			isa = PBXGroup;
			children = (
				BCCF911B282A59C000C8DA31 /* DrawenSetGame */,
				BCCF911A282A59C000C8DA31 /* Products */,
			);
			sourceTree = "<group>";
		};
		BCCF911A282A59C000C8DA31 /* Products */ = {
			isa = PBXGroup;
			children = (
				BCCF9119282A59C000C8DA31 /* DrawenSetGame.app */,
			);
			name = Products;
			sourceTree = "<group>";
		};
		BCCF911B282A59C000C8DA31 /* DrawenSetGame */ = {
			isa = PBXGroup;
			children = (
				BCCF9131282A5A0500C8DA31 /* MyViews */,
				BCCF9130282A59F900C8DA31 /* Model */,
				BCCF911C282A59C000C8DA31 /* AppDelegate.swift */,
				BCCF911E282A59C000C8DA31 /* SceneDelegate.swift */,
				BCCF9120282A59C000C8DA31 /* ViewController.swift */,
				BCCF9122282A59C000C8DA31 /* Main.storyboard */,
				BCCF9125282A59C700C8DA31 /* Assets.xcassets */,
				BCCF9127282A59C700C8DA31 /* LaunchScreen.storyboard */,
				BCCF912A282A59C700C8DA31 /* Info.plist */,
			);
			path = DrawenSetGame;
			sourceTree = "<group>";
		};
		BCCF9130282A59F900C8DA31 /* Model */ = {
			isa = PBXGroup;
			children = (
				BCCF9134282A5C2C00C8DA31 /* Card.swift */,
				BCCF9136282A5C9400C8DA31 /* SetGame.swift */,
				BCC535D7282A624C003A4DD5 /* CardShading.swift */,
				BCC535D9282A6267003A4DD5 /* CardColor.swift */,
				BCC535DB282A6288003A4DD5 /* CardShape.swift */,
				BCC535DD282A62C6003A4DD5 /* CardNumberOfShapes.swift */,
				BCC535DF282A62F8003A4DD5 /* DeckOfSetCards.swift */,
			);
			path = Model;
			sourceTree = "<group>";
		};
		BCCF9131282A5A0500C8DA31 /* MyViews */ = {
			isa = PBXGroup;
			children = (
				BCCF9132282A5BF700C8DA31 /* Grid.swift */,
				BCC535E1282A6378003A4DD5 /* SetCardView.swift */,
				BCC535E3282A65EC003A4DD5 /* SetBoardView.swift */,
			);
			path = MyViews;
			sourceTree = "<group>";
		};
/* End PBXGroup section */

/* Begin PBXNativeTarget section */
		BCCF9118282A59C000C8DA31 /* DrawenSetGame */ = {
			isa = PBXNativeTarget;
			buildConfigurationList = BCCF912D282A59C700C8DA31 /* Build configuration list for PBXNativeTarget "DrawenSetGame" */;
			buildPhases = (
				BCCF9115282A59C000C8DA31 /* Sources */,
				BCCF9116282A59C000C8DA31 /* Frameworks */,
				BCCF9117282A59C000C8DA31 /* Resources */,
				BCC535E5282A694E003A4DD5 /* Run Script */,
			);
			buildRules = (
			);
			dependencies = (
			);
			name = DrawenSetGame;
			productName = DrawenSetGame;
			productReference = BCCF9119282A59C000C8DA31 /* DrawenSetGame.app */;
			productType = "com.apple.product-type.application";
		};
/* End PBXNativeTarget section */

/* Begin PBXProject section */
		BCCF9111282A59C000C8DA31 /* Project object */ = {
			isa = PBXProject;
			attributes = {
				BuildIndependentTargetsInParallel = 1;
				LastSwiftUpdateCheck = 1330;
				LastUpgradeCheck = 1330;
				TargetAttributes = {
					BCCF9118282A59C000C8DA31 = {
						CreatedOnToolsVersion = 13.3;
					};
				};
			};
			buildConfigurationList = BCCF9114282A59C000C8DA31 /* Build configuration list for PBXProject "DrawenSetGame" */;
			compatibilityVersion = "Xcode 13.0";
			developmentRegion = en;
			hasScannedForEncodings = 0;
			knownRegions = (
				en,
				Base,
			);
			mainGroup = BCCF9110282A59C000C8DA31;
			productRefGroup = BCCF911A282A59C000C8DA31 /* Products */;
			projectDirPath = "";
			projectRoot = "";
			targets = (
				BCCF9118282A59C000C8DA31 /* DrawenSetGame */,
			);
		};
/* End PBXProject section */

/* Begin PBXResourcesBuildPhase section */
		BCCF9117282A59C000C8DA31 /* Resources */ = {
			isa = PBXResourcesBuildPhase;
			buildActionMask = 2147483647;
			files = (
				BCCF9129282A59C700C8DA31 /* LaunchScreen.storyboard in Resources */,
				BCCF9126282A59C700C8DA31 /* Assets.xcassets in Resources */,
				BCCF9124282A59C000C8DA31 /* Main.storyboard in Resources */,
			);
			runOnlyForDeploymentPostprocessing = 0;
		};
/* End PBXResourcesBuildPhase section */

/* Begin PBXShellScriptBuildPhase section */
		BCC535E5282A694E003A4DD5 /* Run Script */ = {
			isa = PBXShellScriptBuildPhase;
			buildActionMask = 2147483647;
			files = (
			);
			inputFileListPaths = (
			);
			inputPaths = (
			);
			name = "Run Script";
			outputFileListPaths = (
			);
			outputPaths = (
			);
			runOnlyForDeploymentPostprocessing = 0;
			shellPath = /bin/sh;
			shellScript = "bash\n    if which swiftlint >/dev/null; then\n        swiftlint lint --strict\n    else\n        echo \"warning: SwiftLint not installed, download from https://github.com/realm/SwiftLint\"\n        exit 1\n    fi\n";
		};
/* End PBXShellScriptBuildPhase section */

/* Begin PBXSourcesBuildPhase section */
		BCCF9115282A59C000C8DA31 /* Sources */ = {
			isa = PBXSourcesBuildPhase;
			buildActionMask = 2147483647;
			files = (
				BCC535E0282A62F8003A4DD5 /* DeckOfSetCards.swift in Sources */,
				BCC535E4282A65EC003A4DD5 /* SetBoardView.swift in Sources */,
				BCC535E2282A6378003A4DD5 /* SetCardView.swift in Sources */,
				BCC535DC282A6288003A4DD5 /* CardShape.swift in Sources */,
				BCCF9121282A59C000C8DA31 /* ViewController.swift in Sources */,
				BCCF911D282A59C000C8DA31 /* AppDelegate.swift in Sources */,
				BCC535DE282A62C6003A4DD5 /* CardNumberOfShapes.swift in Sources */,
				BCCF9135282A5C2C00C8DA31 /* Card.swift in Sources */,
				BCC535DA282A6267003A4DD5 /* CardColor.swift in Sources */,
				BCC535D8282A624C003A4DD5 /* CardShading.swift in Sources */,
				BCCF911F282A59C000C8DA31 /* SceneDelegate.swift in Sources */,
				BCCF9137282A5C9400C8DA31 /* SetGame.swift in Sources */,
				BCCF9133282A5BF700C8DA31 /* Grid.swift in Sources */,
			);
			runOnlyForDeploymentPostprocessing = 0;
		};
/* End PBXSourcesBuildPhase section */

/* Begin PBXVariantGroup section */
		BCCF9122282A59C000C8DA31 /* Main.storyboard */ = {
			isa = PBXVariantGroup;
			children = (
				BCCF9123282A59C000C8DA31 /* Base */,
			);
			name = Main.storyboard;
			sourceTree = "<group>";
		};
		BCCF9127282A59C700C8DA31 /* LaunchScreen.storyboard */ = {
			isa = PBXVariantGroup;
			children = (
				BCCF9128282A59C700C8DA31 /* Base */,
			);
			name = LaunchScreen.storyboard;
			sourceTree = "<group>";
		};
/* End PBXVariantGroup section */

/* Begin XCBuildConfiguration section */
		BCCF912B282A59C700C8DA31 /* Debug */ = {
			isa = XCBuildConfiguration;
			buildSettings = {
				ALWAYS_SEARCH_USER_PATHS = NO;
				CLANG_ANALYZER_NONNULL = YES;
				CLANG_ANALYZER_NUMBER_OBJECT_CONVERSION = YES_AGGRESSIVE;
				CLANG_CXX_LANGUAGE_STANDARD = "gnu++17";
				CLANG_ENABLE_MODULES = YES;
				CLANG_ENABLE_OBJC_ARC = YES;
				CLANG_ENABLE_OBJC_WEAK = YES;
				CLANG_WARN_BLOCK_CAPTURE_AUTORELEASING = YES;
				CLANG_WARN_BOOL_CONVERSION = YES;
				CLANG_WARN_COMMA = YES;
				CLANG_WARN_CONSTANT_CONVERSION = YES;
				CLANG_WARN_DEPRECATED_OBJC_IMPLEMENTATIONS = YES;
				CLANG_WARN_DIRECT_OBJC_ISA_USAGE = YES_ERROR;
				CLANG_WARN_DOCUMENTATION_COMMENTS = YES;
				CLANG_WARN_EMPTY_BODY = YES;
				CLANG_WARN_ENUM_CONVERSION = YES;
				CLANG_WARN_INFINITE_RECURSION = YES;
				CLANG_WARN_INT_CONVERSION = YES;
				CLANG_WARN_NON_LITERAL_NULL_CONVERSION = YES;
				CLANG_WARN_OBJC_IMPLICIT_RETAIN_SELF = YES;
				CLANG_WARN_OBJC_LITERAL_CONVERSION = YES;
				CLANG_WARN_OBJC_ROOT_CLASS = YES_ERROR;
				CLANG_WARN_QUOTED_INCLUDE_IN_FRAMEWORK_HEADER = YES;
				CLANG_WARN_RANGE_LOOP_ANALYSIS = YES;
				CLANG_WARN_STRICT_PROTOTYPES = YES;
				CLANG_WARN_SUSPICIOUS_MOVE = YES;
				CLANG_WARN_UNGUARDED_AVAILABILITY = YES_AGGRESSIVE;
				CLANG_WARN_UNREACHABLE_CODE = YES;
				CLANG_WARN__DUPLICATE_METHOD_MATCH = YES;
				COPY_PHASE_STRIP = NO;
				DEBUG_INFORMATION_FORMAT = dwarf;
				ENABLE_STRICT_OBJC_MSGSEND = YES;
				ENABLE_TESTABILITY = YES;
				GCC_C_LANGUAGE_STANDARD = gnu11;
				GCC_DYNAMIC_NO_PIC = NO;
				GCC_NO_COMMON_BLOCKS = YES;
				GCC_OPTIMIZATION_LEVEL = 0;
				GCC_PREPROCESSOR_DEFINITIONS = (
					"DEBUG=1",
					"$(inherited)",
				);
				GCC_WARN_64_TO_32_BIT_CONVERSION = YES;
				GCC_WARN_ABOUT_RETURN_TYPE = YES_ERROR;
				GCC_WARN_UNDECLARED_SELECTOR = YES;
				GCC_WARN_UNINITIALIZED_AUTOS = YES_AGGRESSIVE;
				GCC_WARN_UNUSED_FUNCTION = YES;
				GCC_WARN_UNUSED_VARIABLE = YES;
				IPHONEOS_DEPLOYMENT_TARGET = 15.4;
				MTL_ENABLE_DEBUG_INFO = INCLUDE_SOURCE;
				MTL_FAST_MATH = YES;
				ONLY_ACTIVE_ARCH = YES;
				SDKROOT = iphoneos;
				SWIFT_ACTIVE_COMPILATION_CONDITIONS = DEBUG;
				SWIFT_OPTIMIZATION_LEVEL = "-Onone";
			};
			name = Debug;
		};
		BCCF912C282A59C700C8DA31 /* Release */ = {
			isa = XCBuildConfiguration;
			buildSettings = {
				ALWAYS_SEARCH_USER_PATHS = NO;
				CLANG_ANALYZER_NONNULL = YES;
				CLANG_ANALYZER_NUMBER_OBJECT_CONVERSION = YES_AGGRESSIVE;
				CLANG_CXX_LANGUAGE_STANDARD = "gnu++17";
				CLANG_ENABLE_MODULES = YES;
				CLANG_ENABLE_OBJC_ARC = YES;
				CLANG_ENABLE_OBJC_WEAK = YES;
				CLANG_WARN_BLOCK_CAPTURE_AUTORELEASING = YES;
				CLANG_WARN_BOOL_CONVERSION = YES;
				CLANG_WARN_COMMA = YES;
				CLANG_WARN_CONSTANT_CONVERSION = YES;
				CLANG_WARN_DEPRECATED_OBJC_IMPLEMENTATIONS = YES;
				CLANG_WARN_DIRECT_OBJC_ISA_USAGE = YES_ERROR;
				CLANG_WARN_DOCUMENTATION_COMMENTS = YES;
				CLANG_WARN_EMPTY_BODY = YES;
				CLANG_WARN_ENUM_CONVERSION = YES;
				CLANG_WARN_INFINITE_RECURSION = YES;
				CLANG_WARN_INT_CONVERSION = YES;
				CLANG_WARN_NON_LITERAL_NULL_CONVERSION = YES;
				CLANG_WARN_OBJC_IMPLICIT_RETAIN_SELF = YES;
				CLANG_WARN_OBJC_LITERAL_CONVERSION = YES;
				CLANG_WARN_OBJC_ROOT_CLASS = YES_ERROR;
				CLANG_WARN_QUOTED_INCLUDE_IN_FRAMEWORK_HEADER = YES;
				CLANG_WARN_RANGE_LOOP_ANALYSIS = YES;
				CLANG_WARN_STRICT_PROTOTYPES = YES;
				CLANG_WARN_SUSPICIOUS_MOVE = YES;
				CLANG_WARN_UNGUARDED_AVAILABILITY = YES_AGGRESSIVE;
				CLANG_WARN_UNREACHABLE_CODE = YES;
				CLANG_WARN__DUPLICATE_METHOD_MATCH = YES;
				COPY_PHASE_STRIP = NO;
				DEBUG_INFORMATION_FORMAT = "dwarf-with-dsym";
				ENABLE_NS_ASSERTIONS = NO;
				ENABLE_STRICT_OBJC_MSGSEND = YES;
				GCC_C_LANGUAGE_STANDARD = gnu11;
				GCC_NO_COMMON_BLOCKS = YES;
				GCC_WARN_64_TO_32_BIT_CONVERSION = YES;
				GCC_WARN_ABOUT_RETURN_TYPE = YES_ERROR;
				GCC_WARN_UNDECLARED_SELECTOR = YES;
				GCC_WARN_UNINITIALIZED_AUTOS = YES_AGGRESSIVE;
				GCC_WARN_UNUSED_FUNCTION = YES;
				GCC_WARN_UNUSED_VARIABLE = YES;
				IPHONEOS_DEPLOYMENT_TARGET = 15.4;
				MTL_ENABLE_DEBUG_INFO = NO;
				MTL_FAST_MATH = YES;
				SDKROOT = iphoneos;
				SWIFT_COMPILATION_MODE = wholemodule;
				SWIFT_OPTIMIZATION_LEVEL = "-O";
				VALIDATE_PRODUCT = YES;
			};
			name = Release;
		};
		BCCF912E282A59C700C8DA31 /* Debug */ = {
			isa = XCBuildConfiguration;
			buildSettings = {
				ASSETCATALOG_COMPILER_APPICON_NAME = AppIcon;
				ASSETCATALOG_COMPILER_GLOBAL_ACCENT_COLOR_NAME = AccentColor;
				CODE_SIGN_STYLE = Automatic;
				CURRENT_PROJECT_VERSION = 1;
				DEVELOPMENT_TEAM = 7S3MVDYSJ3;
				GENERATE_INFOPLIST_FILE = YES;
				INFOPLIST_FILE = DrawenSetGame/Info.plist;
				INFOPLIST_KEY_UIApplicationSupportsIndirectInputEvents = YES;
				INFOPLIST_KEY_UILaunchStoryboardName = LaunchScreen;
				INFOPLIST_KEY_UIMainStoryboardFile = Main;
				INFOPLIST_KEY_UISupportedInterfaceOrientations = "UIInterfaceOrientationPortrait UIInterfaceOrientationLandscapeLeft";
				INFOPLIST_KEY_UISupportedInterfaceOrientations_iPad = "UIInterfaceOrientationPortrait UIInterfaceOrientationPortraitUpsideDown UIInterfaceOrientationLandscapeLeft UIInterfaceOrientationLandscapeRight";
				INFOPLIST_KEY_UISupportedInterfaceOrientations_iPhone = "UIInterfaceOrientationPortrait UIInterfaceOrientationLandscapeLeft UIInterfaceOrientationLandscapeRight";
				LD_RUNPATH_SEARCH_PATHS = (
					"$(inherited)",
					"@executable_path/Frameworks",
				);
				MARKETING_VERSION = 1.0;
				PRODUCT_BUNDLE_IDENTIFIER = moomooTheCow92.DrawenSetGame;
				PRODUCT_NAME = "$(TARGET_NAME)";
				SWIFT_EMIT_LOC_STRINGS = YES;
				SWIFT_VERSION = 5.0;
				TARGETED_DEVICE_FAMILY = "1,2";
			};
			name = Debug;
		};
		BCCF912F282A59C700C8DA31 /* Release */ = {
			isa = XCBuildConfiguration;
			buildSettings = {
				ASSETCATALOG_COMPILER_APPICON_NAME = AppIcon;
				ASSETCATALOG_COMPILER_GLOBAL_ACCENT_COLOR_NAME = AccentColor;
				CODE_SIGN_STYLE = Automatic;
				CURRENT_PROJECT_VERSION = 1;
				DEVELOPMENT_TEAM = 7S3MVDYSJ3;
				GENERATE_INFOPLIST_FILE = YES;
				INFOPLIST_FILE = DrawenSetGame/Info.plist;
				INFOPLIST_KEY_UIApplicationSupportsIndirectInputEvents = YES;
				INFOPLIST_KEY_UILaunchStoryboardName = LaunchScreen;
				INFOPLIST_KEY_UIMainStoryboardFile = Main;
				INFOPLIST_KEY_UISupportedInterfaceOrientations = "UIInterfaceOrientationPortrait UIInterfaceOrientationLandscapeLeft";
				INFOPLIST_KEY_UISupportedInterfaceOrientations_iPad = "UIInterfaceOrientationPortrait UIInterfaceOrientationPortraitUpsideDown UIInterfaceOrientationLandscapeLeft UIInterfaceOrientationLandscapeRight";
				INFOPLIST_KEY_UISupportedInterfaceOrientations_iPhone = "UIInterfaceOrientationPortrait UIInterfaceOrientationLandscapeLeft UIInterfaceOrientationLandscapeRight";
				LD_RUNPATH_SEARCH_PATHS = (
					"$(inherited)",
					"@executable_path/Frameworks",
				);
				MARKETING_VERSION = 1.0;
				PRODUCT_BUNDLE_IDENTIFIER = moomooTheCow92.DrawenSetGame;
				PRODUCT_NAME = "$(TARGET_NAME)";
				SWIFT_EMIT_LOC_STRINGS = YES;
				SWIFT_VERSION = 5.0;
				TARGETED_DEVICE_FAMILY = "1,2";
			};
			name = Release;
		};
/* End XCBuildConfiguration section */

/* Begin XCConfigurationList section */
		BCCF9114282A59C000C8DA31 /* Build configuration list for PBXProject "DrawenSetGame" */ = {
			isa = XCConfigurationList;
			buildConfigurations = (
				BCCF912B282A59C700C8DA31 /* Debug */,
				BCCF912C282A59C700C8DA31 /* Release */,
			);
			defaultConfigurationIsVisible = 0;
			defaultConfigurationName = Release;
		};
		BCCF912D282A59C700C8DA31 /* Build configuration list for PBXNativeTarget "DrawenSetGame" */ = {
			isa = XCConfigurationList;
			buildConfigurations = (
				BCCF912E282A59C700C8DA31 /* Debug */,
				BCCF912F282A59C700C8DA31 /* Release */,
			);
			defaultConfigurationIsVisible = 0;
			defaultConfigurationName = Release;
		};
/* End XCConfigurationList section */
	};
	rootObject = BCCF9111282A59C000C8DA31 /* Project object */;
}
